// !$*UTF8*$!
{
	archiveVersion = 1;
	classes = {
	};
	objectVersion = 46;
	objects = {

/* Begin PBXBuildFile section */
		7FD7DCF11982DD89000AAB68 /* Foundation.framework in Frameworks */ = {isa = PBXBuildFile; fileRef = 7FD7DCF01982DD89000AAB68 /* Foundation.framework */; };
		7FD7DCF31982DD89000AAB68 /* CoreGraphics.framework in Frameworks */ = {isa = PBXBuildFile; fileRef = 7FD7DCF21982DD89000AAB68 /* CoreGraphics.framework */; };
		7FD7DCF51982DD89000AAB68 /* UIKit.framework in Frameworks */ = {isa = PBXBuildFile; fileRef = 7FD7DCF41982DD89000AAB68 /* UIKit.framework */; };
		7FD7DCFB1982DD89000AAB68 /* InfoPlist.strings in Resources */ = {isa = PBXBuildFile; fileRef = 7FD7DCF91982DD89000AAB68 /* InfoPlist.strings */; };
		7FD7DCFD1982DD89000AAB68 /* main.m in Sources */ = {isa = PBXBuildFile; fileRef = 7FD7DCFC1982DD89000AAB68 /* main.m */; };
		7FD7DD011982DD89000AAB68 /* SRAAppDelegate.m in Sources */ = {isa = PBXBuildFile; fileRef = 7FD7DD001982DD89000AAB68 /* SRAAppDelegate.m */; };
		7FD7DD041982DD89000AAB68 /* Main.storyboard in Resources */ = {isa = PBXBuildFile; fileRef = 7FD7DD021982DD89000AAB68 /* Main.storyboard */; };
		7FD7DD071982DD89000AAB68 /* SRAViewController.m in Sources */ = {isa = PBXBuildFile; fileRef = 7FD7DD061982DD89000AAB68 /* SRAViewController.m */; };
		7FD7DD091982DD89000AAB68 /* Images.xcassets in Resources */ = {isa = PBXBuildFile; fileRef = 7FD7DD081982DD89000AAB68 /* Images.xcassets */; };
		7FD7DD101982DD89000AAB68 /* XCTest.framework in Frameworks */ = {isa = PBXBuildFile; fileRef = 7FD7DD0F1982DD89000AAB68 /* XCTest.framework */; };
		7FD7DD111982DD89000AAB68 /* Foundation.framework in Frameworks */ = {isa = PBXBuildFile; fileRef = 7FD7DCF01982DD89000AAB68 /* Foundation.framework */; };
		7FD7DD121982DD89000AAB68 /* UIKit.framework in Frameworks */ = {isa = PBXBuildFile; fileRef = 7FD7DCF41982DD89000AAB68 /* UIKit.framework */; };
		7FD7DD1A1982DD89000AAB68 /* InfoPlist.strings in Resources */ = {isa = PBXBuildFile; fileRef = 7FD7DD181982DD89000AAB68 /* InfoPlist.strings */; };
		7FD7DD1C1982DD89000AAB68 /* sheebaTests.m in Sources */ = {isa = PBXBuildFile; fileRef = 7FD7DD1B1982DD89000AAB68 /* sheebaTests.m */; };
		7FD7DD2B1982E588000AAB68 /* pickerview.m in Sources */ = {isa = PBXBuildFile; fileRef = 7FD7DD2A1982E588000AAB68 /* pickerview.m */; };
		7FD7DD2D1982E6C8000AAB68 /* statesUS.txt in Resources */ = {isa = PBXBuildFile; fileRef = 7FD7DD2C1982E6C8000AAB68 /* statesUS.txt */; };
/* End PBXBuildFile section */

/* Begin PBXContainerItemProxy section */
		7FD7DD131982DD89000AAB68 /* PBXContainerItemProxy */ = {
			isa = PBXContainerItemProxy;
			containerPortal = 7FD7DCE51982DD89000AAB68 /* Project object */;
			proxyType = 1;
			remoteGlobalIDString = 7FD7DCEC1982DD89000AAB68;
			remoteInfo = sheeba;
		};
/* End PBXContainerItemProxy section */

/* Begin PBXFileReference section */
		7FD7DCED1982DD89000AAB68 /* sheeba.app */ = {isa = PBXFileReference; explicitFileType = wrapper.application; includeInIndex = 0; path = sheeba.app; sourceTree = BUILT_PRODUCTS_DIR; };
		7FD7DCF01982DD89000AAB68 /* Foundation.framework */ = {isa = PBXFileReference; lastKnownFileType = wrapper.framework; name = Foundation.framework; path = System/Library/Frameworks/Foundation.framework; sourceTree = SDKROOT; };
		7FD7DCF21982DD89000AAB68 /* CoreGraphics.framework */ = {isa = PBXFileReference; lastKnownFileType = wrapper.framework; name = CoreGraphics.framework; path = System/Library/Frameworks/CoreGraphics.framework; sourceTree = SDKROOT; };
		7FD7DCF41982DD89000AAB68 /* UIKit.framework */ = {isa = PBXFileReference; lastKnownFileType = wrapper.framework; name = UIKit.framework; path = System/Library/Frameworks/UIKit.framework; sourceTree = SDKROOT; };
		7FD7DCF81982DD89000AAB68 /* sheeba-Info.plist */ = {isa = PBXFileReference; lastKnownFileType = text.plist.xml; path = "sheeba-Info.plist"; sourceTree = "<group>"; };
		7FD7DCFA1982DD89000AAB68 /* en */ = {isa = PBXFileReference; lastKnownFileType = text.plist.strings; name = en; path = en.lproj/InfoPlist.strings; sourceTree = "<group>"; };
		7FD7DCFC1982DD89000AAB68 /* main.m */ = {isa = PBXFileReference; lastKnownFileType = sourcecode.c.objc; path = main.m; sourceTree = "<group>"; };
		7FD7DCFE1982DD89000AAB68 /* sheeba-Prefix.pch */ = {isa = PBXFileReference; lastKnownFileType = sourcecode.c.h; path = "sheeba-Prefix.pch"; sourceTree = "<group>"; };
		7FD7DCFF1982DD89000AAB68 /* SRAAppDelegate.h */ = {isa = PBXFileReference; lastKnownFileType = sourcecode.c.h; path = SRAAppDelegate.h; sourceTree = "<group>"; };
		7FD7DD001982DD89000AAB68 /* SRAAppDelegate.m */ = {isa = PBXFileReference; lastKnownFileType = sourcecode.c.objc; path = SRAAppDelegate.m; sourceTree = "<group>"; };
		7FD7DD031982DD89000AAB68 /* Base */ = {isa = PBXFileReference; lastKnownFileType = file.storyboard; name = Base; path = Base.lproj/Main.storyboard; sourceTree = "<group>"; };
		7FD7DD051982DD89000AAB68 /* SRAViewController.h */ = {isa = PBXFileReference; lastKnownFileType = sourcecode.c.h; path = SRAViewController.h; sourceTree = "<group>"; };
		7FD7DD061982DD89000AAB68 /* SRAViewController.m */ = {isa = PBXFileReference; lastKnownFileType = sourcecode.c.objc; path = SRAViewController.m; sourceTree = "<group>"; };
		7FD7DD081982DD89000AAB68 /* Images.xcassets */ = {isa = PBXFileReference; lastKnownFileType = folder.assetcatalog; path = Images.xcassets; sourceTree = "<group>"; };
		7FD7DD0E1982DD89000AAB68 /* sheebaTests.xctest */ = {isa = PBXFileReference; explicitFileType = wrapper.cfbundle; includeInIndex = 0; path = sheebaTests.xctest; sourceTree = BUILT_PRODUCTS_DIR; };
		7FD7DD0F1982DD89000AAB68 /* XCTest.framework */ = {isa = PBXFileReference; lastKnownFileType = wrapper.framework; name = XCTest.framework; path = Library/Frameworks/XCTest.framework; sourceTree = DEVELOPER_DIR; };
		7FD7DD171982DD89000AAB68 /* sheebaTests-Info.plist */ = {isa = PBXFileReference; lastKnownFileType = text.plist.xml; path = "sheebaTests-Info.plist"; sourceTree = "<group>"; };
		7FD7DD191982DD89000AAB68 /* en */ = {isa = PBXFileReference; lastKnownFileType = text.plist.strings; name = en; path = en.lproj/InfoPlist.strings; sourceTree = "<group>"; };
		7FD7DD1B1982DD89000AAB68 /* sheebaTests.m */ = {isa = PBXFileReference; lastKnownFileType = sourcecode.c.objc; path = sheebaTests.m; sourceTree = "<group>"; };
		7FD7DD291982E46F000AAB68 /* pickerview.h */ = {isa = PBXFileReference; lastKnownFileType = sourcecode.c.h; path = pickerview.h; sourceTree = "<group>"; };
		7FD7DD2A1982E588000AAB68 /* pickerview.m */ = {isa = PBXFileReference; fileEncoding = 4; lastKnownFileType = sourcecode.c.objc; name = pickerview.m; path = ../pickerview.m; sourceTree = "<group>"; };
		7FD7DD2C1982E6C8000AAB68 /* statesUS.txt */ = {isa = PBXFileReference; fileEncoding = 4; lastKnownFileType = text; name = statesUS.txt; path = "../../../../Downloads/Programming-iOS-Book-Examples-master/bk2ch12p568pickerView/ch25p842pickerView/statesUS.txt"; sourceTree = "<group>"; };
/* End PBXFileReference section */

/* Begin PBXFrameworksBuildPhase section */
		7FD7DCEA1982DD89000AAB68 /* Frameworks */ = {
			isa = PBXFrameworksBuildPhase;
			buildActionMask = 2147483647;
			files = (
				7FD7DCF31982DD89000AAB68 /* CoreGraphics.framework in Frameworks */,
				7FD7DCF51982DD89000AAB68 /* UIKit.framework in Frameworks */,
				7FD7DCF11982DD89000AAB68 /* Foundation.framework in Frameworks */,
			);
			runOnlyForDeploymentPostprocessing = 0;
		};
		7FD7DD0B1982DD89000AAB68 /* Frameworks */ = {
			isa = PBXFrameworksBuildPhase;
			buildActionMask = 2147483647;
			files = (
				7FD7DD101982DD89000AAB68 /* XCTest.framework in Frameworks */,
				7FD7DD121982DD89000AAB68 /* UIKit.framework in Frameworks */,
				7FD7DD111982DD89000AAB68 /* Foundation.framework in Frameworks */,
			);
			runOnlyForDeploymentPostprocessing = 0;
		};
/* End PBXFrameworksBuildPhase section */

/* Begin PBXGroup section */
		7FD7DCE41982DD89000AAB68 = {
			isa = PBXGroup;
			children = (
				7FD7DCF61982DD89000AAB68 /* sheeba */,
				7FD7DD151982DD89000AAB68 /* sheebaTests */,
				7FD7DCEF1982DD89000AAB68 /* Frameworks */,
				7FD7DCEE1982DD89000AAB68 /* Products */,
			);
			sourceTree = "<group>";
		};
		7FD7DCEE1982DD89000AAB68 /* Products */ = {
			isa = PBXGroup;
			children = (
				7FD7DCED1982DD89000AAB68 /* sheeba.app */,
				7FD7DD0E1982DD89000AAB68 /* sheebaTests.xctest */,
			);
			name = Products;
			sourceTree = "<group>";
		};
		7FD7DCEF1982DD89000AAB68 /* Frameworks */ = {
			isa = PBXGroup;
			children = (
				7FD7DCF01982DD89000AAB68 /* Foundation.framework */,
				7FD7DCF21982DD89000AAB68 /* CoreGraphics.framework */,
				7FD7DCF41982DD89000AAB68 /* UIKit.framework */,
				7FD7DD0F1982DD89000AAB68 /* XCTest.framework */,
			);
			name = Frameworks;
			sourceTree = "<group>";
		};
		7FD7DCF61982DD89000AAB68 /* sheeba */ = {
			isa = PBXGroup;
			children = (
				7FD7DCFF1982DD89000AAB68 /* SRAAppDelegate.h */,
				7FD7DD001982DD89000AAB68 /* SRAAppDelegate.m */,
				7FD7DD021982DD89000AAB68 /* Main.storyboard */,
				7FD7DD051982DD89000AAB68 /* SRAViewController.h */,
				7FD7DD061982DD89000AAB68 /* SRAViewController.m */,
				7FD7DD2C1982E6C8000AAB68 /* statesUS.txt */,
				7FD7DD291982E46F000AAB68 /* pickerview.h */,
				7FD7DD2A1982E588000AAB68 /* pickerview.m */,
				7FD7DD081982DD89000AAB68 /* Images.xcassets */,
				7FD7DCF71982DD89000AAB68 /* Supporting Files */,
			);
			path = sheeba;
			sourceTree = "<group>";
		};
		7FD7DCF71982DD89000AAB68 /* Supporting Files */ = {
			isa = PBXGroup;
			children = (
				7FD7DCF81982DD89000AAB68 /* sheeba-Info.plist */,
				7FD7DCF91982DD89000AAB68 /* InfoPlist.strings */,
				7FD7DCFC1982DD89000AAB68 /* main.m */,
				7FD7DCFE1982DD89000AAB68 /* sheeba-Prefix.pch */,
			);
			name = "Supporting Files";
			sourceTree = "<group>";
		};
		7FD7DD151982DD89000AAB68 /* sheebaTests */ = {
			isa = PBXGroup;
			children = (
				7FD7DD1B1982DD89000AAB68 /* sheebaTests.m */,
				7FD7DD161982DD89000AAB68 /* Supporting Files */,
			);
			path = sheebaTests;
			sourceTree = "<group>";
		};
		7FD7DD161982DD89000AAB68 /* Supporting Files */ = {
			isa = PBXGroup;
			children = (
				7FD7DD171982DD89000AAB68 /* sheebaTests-Info.plist */,
				7FD7DD181982DD89000AAB68 /* InfoPlist.strings */,
			);
			name = "Supporting Files";
			sourceTree = "<group>";
		};
/* End PBXGroup section */

/* Begin PBXNativeTarget section */
		7FD7DCEC1982DD89000AAB68 /* sheeba */ = {
			isa = PBXNativeTarget;
			buildConfigurationList = 7FD7DD1F1982DD89000AAB68 /* Build configuration list for PBXNativeTarget "sheeba" */;
			buildPhases = (
				7FD7DCE91982DD89000AAB68 /* Sources */,
				7FD7DCEA1982DD89000AAB68 /* Frameworks */,
				7FD7DCEB1982DD89000AAB68 /* Resources */,
			);
			buildRules = (
			);
			dependencies = (
			);
			name = sheeba;
			productName = sheeba;
			productReference = 7FD7DCED1982DD89000AAB68 /* sheeba.app */;
			productType = "com.apple.product-type.application";
		};
		7FD7DD0D1982DD89000AAB68 /* sheebaTests */ = {
			isa = PBXNativeTarget;
			buildConfigurationList = 7FD7DD221982DD89000AAB68 /* Build configuration list for PBXNativeTarget "sheebaTests" */;
			buildPhases = (
				7FD7DD0A1982DD89000AAB68 /* Sources */,
				7FD7DD0B1982DD89000AAB68 /* Frameworks */,
				7FD7DD0C1982DD89000AAB68 /* Resources */,
			);
			buildRules = (
			);
			dependencies = (
				7FD7DD141982DD89000AAB68 /* PBXTargetDependency */,
			);
			name = sheebaTests;
			productName = sheebaTests;
			productReference = 7FD7DD0E1982DD89000AAB68 /* sheebaTests.xctest */;
			productType = "com.apple.product-type.bundle.unit-test";
		};
/* End PBXNativeTarget section */

/* Begin PBXProject section */
		7FD7DCE51982DD89000AAB68 /* Project object */ = {
			isa = PBXProject;
			attributes = {
				CLASSPREFIX = SRA;
				LastUpgradeCheck = 0510;
				ORGANIZATIONNAME = cestar;
				TargetAttributes = {
					7FD7DD0D1982DD89000AAB68 = {
						TestTargetID = 7FD7DCEC1982DD89000AAB68;
					};
				};
			};
			buildConfigurationList = 7FD7DCE81982DD89000AAB68 /* Build configuration list for PBXProject "sheeba" */;
			compatibilityVersion = "Xcode 3.2";
			developmentRegion = English;
			hasScannedForEncodings = 0;
			knownRegions = (
				en,
				Base,
			);
			mainGroup = 7FD7DCE41982DD89000AAB68;
			productRefGroup = 7FD7DCEE1982DD89000AAB68 /* Products */;
			projectDirPath = "";
			projectRoot = "";
			targets = (
				7FD7DCEC1982DD89000AAB68 /* sheeba */,
				7FD7DD0D1982DD89000AAB68 /* sheebaTests */,
			);
		};
/* End PBXProject section */

/* Begin PBXResourcesBuildPhase section */
		7FD7DCEB1982DD89000AAB68 /* Resources */ = {
			isa = PBXResourcesBuildPhase;
			buildActionMask = 2147483647;
			files = (
				7FD7DD091982DD89000AAB68 /* Images.xcassets in Resources */,
				7FD7DCFB1982DD89000AAB68 /* InfoPlist.strings in Resources */,
				7FD7DD041982DD89000AAB68 /* Main.storyboard in Resources */,
				7FD7DD2D1982E6C8000AAB68 /* statesUS.txt in Resources */,
			);
			runOnlyForDeploymentPostprocessing = 0;
		};
		7FD7DD0C1982DD89000AAB68 /* Resources */ = {
			isa = PBXResourcesBuildPhase;
			buildActionMask = 2147483647;
			files = (
				7FD7DD1A1982DD89000AAB68 /* InfoPlist.strings in Resources */,
			);
			runOnlyForDeploymentPostprocessing = 0;
		};
/* End PBXResourcesBuildPhase section */

/* Begin PBXSourcesBuildPhase section */
		7FD7DCE91982DD89000AAB68 /* Sources */ = {
			isa = PBXSourcesBuildPhase;
			buildActionMask = 2147483647;
			files = (
				7FD7DD2B1982E588000AAB68 /* pickerview.m in Sources */,
				7FD7DCFD1982DD89000AAB68 /* main.m in Sources */,
				7FD7DD011982DD89000AAB68 /* SRAAppDelegate.m in Sources */,
				7FD7DD071982DD89000AAB68 /* SRAViewController.m in Sources */,
			);
			runOnlyForDeploymentPostprocessing = 0;
		};
		7FD7DD0A1982DD89000AAB68 /* Sources */ = {
			isa = PBXSourcesBuildPhase;
			buildActionMask = 2147483647;
			files = (
				7FD7DD1C1982DD89000AAB68 /* sheebaTests.m in Sources */,
			);
			runOnlyForDeploymentPostprocessing = 0;
		};
/* End PBXSourcesBuildPhase section */

/* Begin PBXTargetDependency section */
		7FD7DD141982DD89000AAB68 /* PBXTargetDependency */ = {
			isa = PBXTargetDependency;
			target = 7FD7DCEC1982DD89000AAB68 /* sheeba */;
			targetProxy = 7FD7DD131982DD89000AAB68 /* PBXContainerItemProxy */;
		};
/* End PBXTargetDependency section */

/* Begin PBXVariantGroup section */
		7FD7DCF91982DD89000AAB68 /* InfoPlist.strings */ = {
			isa = PBXVariantGroup;
			children = (
				7FD7DCFA1982DD89000AAB68 /* en */,
			);
			name = InfoPlist.strings;
			sourceTree = "<group>";
		};
		7FD7DD021982DD89000AAB68 /* Main.storyboard */ = {
			isa = PBXVariantGroup;
			children = (
				7FD7DD031982DD89000AAB68 /* Base */,
			);
			name = Main.storyboard;
			sourceTree = "<group>";
		};
		7FD7DD181982DD89000AAB68 /* InfoPlist.strings */ = {
			isa = PBXVariantGroup;
			children = (
				7FD7DD191982DD89000AAB68 /* en */,
			);
			name = InfoPlist.strings;
			sourceTree = "<group>";
		};
/* End PBXVariantGroup section */

/* Begin XCBuildConfiguration section */
		7FD7DD1D1982DD89000AAB68 /* Debug */ = {
			isa = XCBuildConfiguration;
			buildSettings = {
				ALWAYS_SEARCH_USER_PATHS = NO;
				CLANG_CXX_LANGUAGE_STANDARD = "gnu++0x";
				CLANG_CXX_LIBRARY = "libc++";
				CLANG_ENABLE_MODULES = YES;
				CLANG_ENABLE_OBJC_ARC = YES;
				CLANG_WARN_BOOL_CONVERSION = YES;
				CLANG_WARN_CONSTANT_CONVERSION = YES;
				CLANG_WARN_DIRECT_OBJC_ISA_USAGE = YES_ERROR;
				CLANG_WARN_EMPTY_BODY = YES;
				CLANG_WARN_ENUM_CONVERSION = YES;
				CLANG_WARN_INT_CONVERSION = YES;
				CLANG_WARN_OBJC_ROOT_CLASS = YES_ERROR;
				CLANG_WARN__DUPLICATE_METHOD_MATCH = YES;
				"CODE_SIGN_IDENTITY[sdk=iphoneos*]" = "iPhone Developer";
				COPY_PHASE_STRIP = NO;
				GCC_C_LANGUAGE_STANDARD = gnu99;
				GCC_DYNAMIC_NO_PIC = NO;
				GCC_OPTIMIZATION_LEVEL = 0;
				GCC_PREPROCESSOR_DEFINITIONS = (
					"DEBUG=1",
					"$(inherited)",
				);
				GCC_SYMBOLS_PRIVATE_EXTERN = NO;
				GCC_WARN_64_TO_32_BIT_CONVERSION = YES;
				GCC_WARN_ABOUT_RETURN_TYPE = YES_ERROR;
				GCC_WARN_UNDECLARED_SELECTOR = YES;
				GCC_WARN_UNINITIALIZED_AUTOS = YES_AGGRESSIVE;
				GCC_WARN_UNUSED_FUNCTION = YES;
				GCC_WARN_UNUSED_VARIABLE = YES;
				IPHONEOS_DEPLOYMENT_TARGET = 7.1;
				ONLY_ACTIVE_ARCH = YES;
				SDKROOT = iphoneos;
			};
			name = Debug;
		};
		7FD7DD1E1982DD89000AAB68 /* Release */ = {
			isa = XCBuildConfiguration;
			buildSettings = {
				ALWAYS_SEARCH_USER_PATHS = NO;
				CLANG_CXX_LANGUAGE_STANDARD = "gnu++0x";
				CLANG_CXX_LIBRARY = "libc++";
				CLANG_ENABLE_MODULES = YES;
				CLANG_ENABLE_OBJC_ARC = YES;
				CLANG_WARN_BOOL_CONVERSION = YES;
				CLANG_WARN_CONSTANT_CONVERSION = YES;
				CLANG_WARN_DIRECT_OBJC_ISA_USAGE = YES_ERROR;
				CLANG_WARN_EMPTY_BODY = YES;
				CLANG_WARN_ENUM_CONVERSION = YES;
				CLANG_WARN_INT_CONVERSION = YES;
				CLANG_WARN_OBJC_ROOT_CLASS = YES_ERROR;
				CLANG_WARN__DUPLICATE_METHOD_MATCH = YES;
				"CODE_SIGN_IDENTITY[sdk=iphoneos*]" = "iPhone Developer";
				COPY_PHASE_STRIP = YES;
				ENABLE_NS_ASSERTIONS = NO;
				GCC_C_LANGUAGE_STANDARD = gnu99;
				GCC_WARN_64_TO_32_BIT_CONVERSION = YES;
				GCC_WARN_ABOUT_RETURN_TYPE = YES_ERROR;
				GCC_WARN_UNDECLARED_SELECTOR = YES;
				GCC_WARN_UNINITIALIZED_AUTOS = YES_AGGRESSIVE;
				GCC_WARN_UNUSED_FUNCTION = YES;
				GCC_WARN_UNUSED_VARIABLE = YES;
				IPHONEOS_DEPLOYMENT_TARGET = 7.1;
				SDKROOT = iphoneos;
				VALIDATE_PRODUCT = YES;
			};
			name = Release;
		};
		7FD7DD201982DD89000AAB68 /* Debug */ = {
			isa = XCBuildConfiguration;
			buildSettings = {
				ASSETCATALOG_COMPILER_APPICON_NAME = AppIcon;
				ASSETCATALOG_COMPILER_LAUNCHIMAGE_NAME = LaunchImage;
				GCC_PRECOMPILE_PREFIX_HEADER = YES;
				GCC_PREFIX_HEADER = "sheeba/sheeba-Prefix.pch";
				INFOPLIST_FILE = "sheeba/sheeba-Info.plist";
				PRODUCT_NAME = "$(TARGET_NAME)";
				WRAPPER_EXTENSION = app;
			};
			name = Debug;
		};
		7FD7DD211982DD89000AAB68 /* Release */ = {
			isa = XCBuildConfiguration;
			buildSettings = {
				ASSETCATALOG_COMPILER_APPICON_NAME = AppIcon;
				ASSETCATALOG_COMPILER_LAUNCHIMAGE_NAME = LaunchImage;
				GCC_PRECOMPILE_PREFIX_HEADER = YES;
				GCC_PREFIX_HEADER = "sheeba/sheeba-Prefix.pch";
				INFOPLIST_FILE = "sheeba/sheeba-Info.plist";
				PRODUCT_NAME = "$(TARGET_NAME)";
				WRAPPER_EXTENSION = app;
			};
			name = Release;
		};
		7FD7DD231982DD89000AAB68 /* Debug */ = {
			isa = XCBuildConfiguration;
			buildSettings = {
				BUNDLE_LOADER = "$(BUILT_PRODUCTS_DIR)/sheeba.app/sheeba";
				FRAMEWORK_SEARCH_PATHS = (
					"$(SDKROOT)/Developer/Library/Frameworks",
					"$(inherited)",
					"$(DEVELOPER_FRAMEWORKS_DIR)",
				);
				GCC_PRECOMPILE_PREFIX_HEADER = YES;
				GCC_PREFIX_HEADER = "sheeba/sheeba-Prefix.pch";
				GCC_PREPROCESSOR_DEFINITIONS = (
					"DEBUG=1",
					"$(inherited)",
				);
				INFOPLIST_FILE = "sheebaTests/sheebaTests-Info.plist";
				PRODUCT_NAME = "$(TARGET_NAME)";
				TEST_HOST = "$(BUNDLE_LOADER)";
				WRAPPER_EXTENSION = xctest;
			};
			name = Debug;
		};
		7FD7DD241982DD89000AAB68 /* Release */ = {
			isa = XCBuildConfiguration;
			buildSettings = {
				BUNDLE_LOADER = "$(BUILT_PRODUCTS_DIR)/sheeba.app/sheeba";
				FRAMEWORK_SEARCH_PATHS = (
					"$(SDKROOT)/Developer/Library/Frameworks",
					"$(inherited)",
					"$(DEVELOPER_FRAMEWORKS_DIR)",
				);
				GCC_PRECOMPILE_PREFIX_HEADER = YES;
				GCC_PREFIX_HEADER = "sheeba/sheeba-Prefix.pch";
				INFOPLIST_FILE = "sheebaTests/sheebaTests-Info.plist";
				PRODUCT_NAME = "$(TARGET_NAME)";
				TEST_HOST = "$(BUNDLE_LOADER)";
				WRAPPER_EXTENSION = xctest;
			};
			name = Release;
		};
/* End XCBuildConfiguration section */

/* Begin XCConfigurationList section */
		7FD7DCE81982DD89000AAB68 /* Build configuration list for PBXProject "sheeba" */ = {
			isa = XCConfigurationList;
			buildConfigurations = (
				7FD7DD1D1982DD89000AAB68 /* Debug */,
				7FD7DD1E1982DD89000AAB68 /* Release */,
			);
			defaultConfigurationIsVisible = 0;
			defaultConfigurationName = Release;
		};
		7FD7DD1F1982DD89000AAB68 /* Build configuration list for PBXNativeTarget "sheeba" */ = {
			isa = XCConfigurationList;
			buildConfigurations = (
				7FD7DD201982DD89000AAB68 /* Debug */,
				7FD7DD211982DD89000AAB68 /* Release */,
			);
			defaultConfigurationIsVisible = 0;
		};
		7FD7DD221982DD89000AAB68 /* Build configuration list for PBXNativeTarget "sheebaTests" */ = {
			isa = XCConfigurationList;
			buildConfigurations = (
				7FD7DD231982DD89000AAB68 /* Debug */,
				7FD7DD241982DD89000AAB68 /* Release */,
			);
			defaultConfigurationIsVisible = 0;
		};
/* End XCConfigurationList section */
	};
	rootObject = 7FD7DCE51982DD89000AAB68 /* Project object */;
}
